
Microsoft Visual Studio Solution File, Format Version 12.00
# Visual Studio Version 17
VisualStudioVersion = 17.4.33110.190
MinimumVisualStudioVersion = 10.0.40219.1
Project("{FAE04EC0-301F-11D3-BF4B-00C04F79EFBC}") = "WapiDemo", "WapiDemo\WapiDemo.csproj", "{840FE41B-F63F-4973-9D74-90BCA709E319}"
EndProject
Global
	GlobalSection(SolutionConfigurationPlatforms) = preSolution
		Debug|Any CPU = Debug|Any CPU
		Release|Any CPU = Release|Any CPU
	EndGlobalSection
	GlobalSection(ProjectConfigurationPlatforms) = postSolution
		{840FE41B-F63F-4973-9D74-90BCA709E319}.Debug|Any CPU.ActiveCfg = Debug|Any CPU
		{840FE41B-F63F-4973-9D74-90BCA709E319}.Debug|Any CPU.Build.0 = Debug|Any CPU
		{840FE41B-F63F-4973-9D74-90BCA709E319}.Release|Any CPU.ActiveCfg = Release|Any CPU
		{840FE41B-F63F-4973-9D74-90BCA709E319}.Release|Any CPU.Build.0 = Release|Any CPU
	EndGlobalSection
	GlobalSection(SolutionProperties) = preSolution
		HideSolutionNode = FALSE
	EndGlobalSection
	GlobalSection(ExtensibilityGlobals) = postSolution
		SolutionGuid = {FF201FD4-5630-4515-B8F8-0AE3DFCEFA60}
	EndGlobalSection
EndGlobal
